
Microsoft Visual Studio Solution File, Format Version 12.00
# Visual Studio 15
VisualStudioVersion = 15.0.27428.2043
MinimumVisualStudioVersion = 10.0.40219.1
Project("{FAE04EC0-301F-11D3-BF4B-00C04F79EFBC}") = "Task1", "Task1\Task1.csproj", "{FC70A691-5A56-4A15-B56A-6F6EC0D80FE3}"
EndProject
Project("{FAE04EC0-301F-11D3-BF4B-00C04F79EFBC}") = "Task2", "Task2\Task2.csproj", "{1085A9FC-DFEF-427E-A07D-0B266EDC120B}"
EndProject
Project("{FAE04EC0-301F-11D3-BF4B-00C04F79EFBC}") = "Task3", "Task3\Task3.csproj", "{09B78754-F744-4F8F-AC74-1D90105725BF}"
EndProject
Project("{FAE04EC0-301F-11D3-BF4B-00C04F79EFBC}") = "Task4", "Task4\Task4.csproj", "{62867E38-0B12-40FF-ADF8-1A1A2A822F10}"
EndProject
Project("{FAE04EC0-301F-11D3-BF4B-00C04F79EFBC}") = "Task6", "Task6\Task6.csproj", "{A0E5CED0-0AC9-4371-B177-4FE2AB65B136}"
EndProject
Project("{FAE04EC0-301F-11D3-BF4B-00C04F79EFBC}") = "Task7", "Task7\Task7.csproj", "{D211DB6D-2672-4A29-BBDD-F11A8C808A20}"
EndProject
Project("{FAE04EC0-301F-11D3-BF4B-00C04F79EFBC}") = "Task8", "Task8\Task8.csproj", "{FFCA2C2F-407E-4184-8C3E-629BEB9AAC7A}"
EndProject
Project("{FAE04EC0-301F-11D3-BF4B-00C04F79EFBC}") = "Task9", "Task9\Task9.csproj", "{61BEDB53-8E4A-40AE-BFBA-039B5780845B}"
EndProject
Project("{FAE04EC0-301F-11D3-BF4B-00C04F79EFBC}") = "Task10", "Task10\Task10.csproj", "{A6518037-F26B-4DB3-A177-89EACB912716}"
EndProject
Project("{FAE04EC0-301F-11D3-BF4B-00C04F79EFBC}") = "Task12", "Task12\Task12.csproj", "{E79C874C-378C-432F-86A2-92154B305A71}"
EndProject
Project("{FAE04EC0-301F-11D3-BF4B-00C04F79EFBC}") = "Task13", "Task13\Task13.csproj", "{4037200F-A400-4C49-B665-6937EBC0DE59}"
EndProject
Global
	GlobalSection(SolutionConfigurationPlatforms) = preSolution
		Debug|Any CPU = Debug|Any CPU
		Release|Any CPU = Release|Any CPU
	EndGlobalSection
	GlobalSection(ProjectConfigurationPlatforms) = postSolution
		{FC70A691-5A56-4A15-B56A-6F6EC0D80FE3}.Debug|Any CPU.ActiveCfg = Debug|Any CPU
		{FC70A691-5A56-4A15-B56A-6F6EC0D80FE3}.Debug|Any CPU.Build.0 = Debug|Any CPU
		{FC70A691-5A56-4A15-B56A-6F6EC0D80FE3}.Release|Any CPU.ActiveCfg = Release|Any CPU
		{FC70A691-5A56-4A15-B56A-6F6EC0D80FE3}.Release|Any CPU.Build.0 = Release|Any CPU
		{1085A9FC-DFEF-427E-A07D-0B266EDC120B}.Debug|Any CPU.ActiveCfg = Debug|Any CPU
		{1085A9FC-DFEF-427E-A07D-0B266EDC120B}.Debug|Any CPU.Build.0 = Debug|Any CPU
		{1085A9FC-DFEF-427E-A07D-0B266EDC120B}.Release|Any CPU.ActiveCfg = Release|Any CPU
		{1085A9FC-DFEF-427E-A07D-0B266EDC120B}.Release|Any CPU.Build.0 = Release|Any CPU
		{09B78754-F744-4F8F-AC74-1D90105725BF}.Debug|Any CPU.ActiveCfg = Debug|Any CPU
		{09B78754-F744-4F8F-AC74-1D90105725BF}.Debug|Any CPU.Build.0 = Debug|Any CPU
		{09B78754-F744-4F8F-AC74-1D90105725BF}.Release|Any CPU.ActiveCfg = Release|Any CPU
		{09B78754-F744-4F8F-AC74-1D90105725BF}.Release|Any CPU.Build.0 = Release|Any CPU
		{62867E38-0B12-40FF-ADF8-1A1A2A822F10}.Debug|Any CPU.ActiveCfg = Debug|Any CPU
		{62867E38-0B12-40FF-ADF8-1A1A2A822F10}.Debug|Any CPU.Build.0 = Debug|Any CPU
		{62867E38-0B12-40FF-ADF8-1A1A2A822F10}.Release|Any CPU.ActiveCfg = Release|Any CPU
		{62867E38-0B12-40FF-ADF8-1A1A2A822F10}.Release|Any CPU.Build.0 = Release|Any CPU
		{A0E5CED0-0AC9-4371-B177-4FE2AB65B136}.Debug|Any CPU.ActiveCfg = Debug|Any CPU
		{A0E5CED0-0AC9-4371-B177-4FE2AB65B136}.Debug|Any CPU.Build.0 = Debug|Any CPU
		{A0E5CED0-0AC9-4371-B177-4FE2AB65B136}.Release|Any CPU.ActiveCfg = Release|Any CPU
		{A0E5CED0-0AC9-4371-B177-4FE2AB65B136}.Release|Any CPU.Build.0 = Release|Any CPU
		{D211DB6D-2672-4A29-BBDD-F11A8C808A20}.Debug|Any CPU.ActiveCfg = Debug|Any CPU
		{D211DB6D-2672-4A29-BBDD-F11A8C808A20}.Debug|Any CPU.Build.0 = Debug|Any CPU
		{D211DB6D-2672-4A29-BBDD-F11A8C808A20}.Release|Any CPU.ActiveCfg = Release|Any CPU
		{D211DB6D-2672-4A29-BBDD-F11A8C808A20}.Release|Any CPU.Build.0 = Release|Any CPU
		{FFCA2C2F-407E-4184-8C3E-629BEB9AAC7A}.Debug|Any CPU.ActiveCfg = Debug|Any CPU
		{FFCA2C2F-407E-4184-8C3E-629BEB9AAC7A}.Debug|Any CPU.Build.0 = Debug|Any CPU
		{FFCA2C2F-407E-4184-8C3E-629BEB9AAC7A}.Release|Any CPU.ActiveCfg = Release|Any CPU
		{FFCA2C2F-407E-4184-8C3E-629BEB9AAC7A}.Release|Any CPU.Build.0 = Release|Any CPU
		{61BEDB53-8E4A-40AE-BFBA-039B5780845B}.Debug|Any CPU.ActiveCfg = Debug|Any CPU
		{61BEDB53-8E4A-40AE-BFBA-039B5780845B}.Debug|Any CPU.Build.0 = Debug|Any CPU
		{61BEDB53-8E4A-40AE-BFBA-039B5780845B}.Release|Any CPU.ActiveCfg = Release|Any CPU
		{61BEDB53-8E4A-40AE-BFBA-039B5780845B}.Release|Any CPU.Build.0 = Release|Any CPU
		{A6518037-F26B-4DB3-A177-89EACB912716}.Debug|Any CPU.ActiveCfg = Debug|Any CPU
		{A6518037-F26B-4DB3-A177-89EACB912716}.Debug|Any CPU.Build.0 = Debug|Any CPU
		{A6518037-F26B-4DB3-A177-89EACB912716}.Release|Any CPU.ActiveCfg = Release|Any CPU
		{A6518037-F26B-4DB3-A177-89EACB912716}.Release|Any CPU.Build.0 = Release|Any CPU
		{E79C874C-378C-432F-86A2-92154B305A71}.Debug|Any CPU.ActiveCfg = Debug|Any CPU
		{E79C874C-378C-432F-86A2-92154B305A71}.Debug|Any CPU.Build.0 = Debug|Any CPU
		{E79C874C-378C-432F-86A2-92154B305A71}.Release|Any CPU.ActiveCfg = Release|Any CPU
		{E79C874C-378C-432F-86A2-92154B305A71}.Release|Any CPU.Build.0 = Release|Any CPU
		{4037200F-A400-4C49-B665-6937EBC0DE59}.Debug|Any CPU.ActiveCfg = Debug|Any CPU
		{4037200F-A400-4C49-B665-6937EBC0DE59}.Debug|Any CPU.Build.0 = Debug|Any CPU
		{4037200F-A400-4C49-B665-6937EBC0DE59}.Release|Any CPU.ActiveCfg = Release|Any CPU
		{4037200F-A400-4C49-B665-6937EBC0DE59}.Release|Any CPU.Build.0 = Release|Any CPU
	EndGlobalSection
	GlobalSection(SolutionProperties) = preSolution
		HideSolutionNode = FALSE
	EndGlobalSection
	GlobalSection(ExtensibilityGlobals) = postSolution
		SolutionGuid = {8F2EDEA2-DCA7-4FFB-ACDE-B28859D6D19A}
	EndGlobalSection
EndGlobal
